
Microsoft Visual Studio Solution File, Format Version 12.00
# Visual Studio 15
VisualStudioVersion = 15.0.27130.2036
MinimumVisualStudioVersion = 10.0.40219.1
Project("{9A19103F-16F7-4668-BE54-9A1E7A4F7556}") = "OpenSSL.X509Certificate2Provider", "src\OpenSSL-X509Certificate2-Provider\OpenSSL.X509Certificate2Provider.csproj", "{CB7AD528-D24B-4D2E-AFBF-56FA40C48985}"
EndProject
Project("{2150E333-8FDC-42A3-9474-1A3956D46DE8}") = "src", "src", "{8A9B95AB-7BFA-43F8-A001-9873F18F9534}"
EndProject
Project("{2150E333-8FDC-42A3-9474-1A3956D46DE8}") = "examples", "examples", "{9BB037AA-C636-4732-9573-914F5BE29F89}"
	ProjectSection(SolutionItems) = preProject
		examples\certificate_pub.crt = examples\certificate_pub.crt
		examples\private.key = examples\private.key
		examples\private_rsa.key = examples\private_rsa.key
		examples\pwd_certificate_pub.crt = examples\pwd_certificate_pub.crt
		examples\pwd_private.key = examples\pwd_private.key
	EndProjectSection
EndProject
Project("{9A19103F-16F7-4668-BE54-9A1E7A4F7556}") = "ConsoleApp", "examples\ConsoleApp\ConsoleApp.csproj", "{5E14342F-0878-41DA-A3D6-3A25E044CF17}"
EndProject
Project("{FAE04EC0-301F-11D3-BF4B-00C04F79EFBC}") = "ConsoleApp452", "examples\ConsoleApp452\ConsoleApp452.csproj", "{0726E037-FD07-43DA-B746-BFBA1A932611}"
EndProject
Project("{2150E333-8FDC-42A3-9474-1A3956D46DE8}") = "solution items", "solution items", "{B8ED9E5F-D541-4328-A90F-F32DDEA0886A}"
	ProjectSection(SolutionItems) = preProject
		GitReleaseNotes.txt = GitReleaseNotes.txt
		README.md = README.md
	EndProjectSection
EndProject
Project("{9A19103F-16F7-4668-BE54-9A1E7A4F7556}") = "OpenSSL.PrivateKeyDecoder", "src\OpenSSL.PrivateKeyDecoder\OpenSSL.PrivateKeyDecoder.csproj", "{095AE67B-6CE2-4002-86FC-33186D110EED}"
EndProject
Project("{9A19103F-16F7-4668-BE54-9A1E7A4F7556}") = "ConsoleAppNetCore", "examples\ConsoleAppNetCore\ConsoleAppNetCore.csproj", "{4CE17B7D-8C38-4C01-ABD4-CFD5508C2B48}"
EndProject
Project("{9A19103F-16F7-4668-BE54-9A1E7A4F7556}") = "OpenSSL.PublicKeyDecoder", "src\OpenSSL.PublicKeyDecoder\OpenSSL.PublicKeyDecoder.csproj", "{B7610962-5D66-4783-B28E-D56990715442}"
EndProject
Project("{2150E333-8FDC-42A3-9474-1A3956D46DE8}") = "Common", "Common", "{A1FD0A01-C0F4-4E7F-BBAC-0E67D2075A7A}"
	ProjectSection(SolutionItems) = preProject
		src\Common\DecoderUtils.cs = src\Common\DecoderUtils.cs
		src\Common\SecureStringUtils.cs = src\Common\SecureStringUtils.cs
	EndProjectSection
EndProject
Global
	GlobalSection(SolutionConfigurationPlatforms) = preSolution
		Debug|Any CPU = Debug|Any CPU
		Release|Any CPU = Release|Any CPU
	EndGlobalSection
	GlobalSection(ProjectConfigurationPlatforms) = postSolution
		{CB7AD528-D24B-4D2E-AFBF-56FA40C48985}.Debug|Any CPU.ActiveCfg = Debug|Any CPU
		{CB7AD528-D24B-4D2E-AFBF-56FA40C48985}.Debug|Any CPU.Build.0 = Debug|Any CPU
		{CB7AD528-D24B-4D2E-AFBF-56FA40C48985}.Release|Any CPU.ActiveCfg = Release|Any CPU
		{CB7AD528-D24B-4D2E-AFBF-56FA40C48985}.Release|Any CPU.Build.0 = Release|Any CPU
		{5E14342F-0878-41DA-A3D6-3A25E044CF17}.Debug|Any CPU.ActiveCfg = Debug|Any CPU
		{5E14342F-0878-41DA-A3D6-3A25E044CF17}.Debug|Any CPU.Build.0 = Debug|Any CPU
		{5E14342F-0878-41DA-A3D6-3A25E044CF17}.Release|Any CPU.ActiveCfg = Release|Any CPU
		{5E14342F-0878-41DA-A3D6-3A25E044CF17}.Release|Any CPU.Build.0 = Release|Any CPU
		{0726E037-FD07-43DA-B746-BFBA1A932611}.Debug|Any CPU.ActiveCfg = Debug|Any CPU
		{0726E037-FD07-43DA-B746-BFBA1A932611}.Debug|Any CPU.Build.0 = Debug|Any CPU
		{0726E037-FD07-43DA-B746-BFBA1A932611}.Release|Any CPU.ActiveCfg = Release|Any CPU
		{0726E037-FD07-43DA-B746-BFBA1A932611}.Release|Any CPU.Build.0 = Release|Any CPU
		{095AE67B-6CE2-4002-86FC-33186D110EED}.Debug|Any CPU.ActiveCfg = Debug|Any CPU
		{095AE67B-6CE2-4002-86FC-33186D110EED}.Debug|Any CPU.Build.0 = Debug|Any CPU
		{095AE67B-6CE2-4002-86FC-33186D110EED}.Release|Any CPU.ActiveCfg = Release|Any CPU
		{095AE67B-6CE2-4002-86FC-33186D110EED}.Release|Any CPU.Build.0 = Release|Any CPU
		{4CE17B7D-8C38-4C01-ABD4-CFD5508C2B48}.Debug|Any CPU.ActiveCfg = Debug|Any CPU
		{4CE17B7D-8C38-4C01-ABD4-CFD5508C2B48}.Debug|Any CPU.Build.0 = Debug|Any CPU
		{4CE17B7D-8C38-4C01-ABD4-CFD5508C2B48}.Release|Any CPU.ActiveCfg = Release|Any CPU
		{4CE17B7D-8C38-4C01-ABD4-CFD5508C2B48}.Release|Any CPU.Build.0 = Release|Any CPU
		{B7610962-5D66-4783-B28E-D56990715442}.Debug|Any CPU.ActiveCfg = Debug|Any CPU
		{B7610962-5D66-4783-B28E-D56990715442}.Debug|Any CPU.Build.0 = Debug|Any CPU
		{B7610962-5D66-4783-B28E-D56990715442}.Release|Any CPU.ActiveCfg = Release|Any CPU
		{B7610962-5D66-4783-B28E-D56990715442}.Release|Any CPU.Build.0 = Release|Any CPU
	EndGlobalSection
	GlobalSection(SolutionProperties) = preSolution
		HideSolutionNode = FALSE
	EndGlobalSection
	GlobalSection(NestedProjects) = preSolution
		{CB7AD528-D24B-4D2E-AFBF-56FA40C48985} = {8A9B95AB-7BFA-43F8-A001-9873F18F9534}
		{5E14342F-0878-41DA-A3D6-3A25E044CF17} = {9BB037AA-C636-4732-9573-914F5BE29F89}
		{0726E037-FD07-43DA-B746-BFBA1A932611} = {9BB037AA-C636-4732-9573-914F5BE29F89}
		{095AE67B-6CE2-4002-86FC-33186D110EED} = {8A9B95AB-7BFA-43F8-A001-9873F18F9534}
		{4CE17B7D-8C38-4C01-ABD4-CFD5508C2B48} = {9BB037AA-C636-4732-9573-914F5BE29F89}
		{B7610962-5D66-4783-B28E-D56990715442} = {8A9B95AB-7BFA-43F8-A001-9873F18F9534}
		{A1FD0A01-C0F4-4E7F-BBAC-0E67D2075A7A} = {8A9B95AB-7BFA-43F8-A001-9873F18F9534}
	EndGlobalSection
	GlobalSection(ExtensibilityGlobals) = postSolution
		SolutionGuid = {C0E9F0E2-0C5D-441B-854E-F1721CEC88C4}
	EndGlobalSection
EndGlobal
